
Microsoft Visual Studio Solution File, Format Version 12.00
# Visual Studio 15
VisualStudioVersion = 15.0.28010.2026
MinimumVisualStudioVersion = 10.0.40219.1
Project("{E24C65DC-7377-472B-9ABA-BC803B73C61A}") = "BJ_MultiTexture", "BJ_MultiTexture\", "{EAD2F621-18DF-48F1-89B2-A6D89DF533D5}"
	ProjectSection(WebsiteProperties) = preProject
		TargetFrameworkMoniker = ".NETFramework,Version%3Dv4.7.2"
		Debug.AspNetCompiler.VirtualPath = "/localhost_41886"
		Debug.AspNetCompiler.PhysicalPath = "BJ_MultiTexture\"
		Debug.AspNetCompiler.TargetPath = "PrecompiledWeb\localhost_41886\"
		Debug.AspNetCompiler.Updateable = "true"
		Debug.AspNetCompiler.ForceOverwrite = "true"
		Debug.AspNetCompiler.FixedNames = "false"
		Debug.AspNetCompiler.Debug = "True"
		Release.AspNetCompiler.VirtualPath = "/localhost_41886"
		Release.AspNetCompiler.PhysicalPath = "BJ_MultiTexture\"
		Release.AspNetCompiler.TargetPath = "PrecompiledWeb\localhost_41886\"
		Release.AspNetCompiler.Updateable = "true"
		Release.AspNetCompiler.ForceOverwrite = "true"
		Release.AspNetCompiler.FixedNames = "false"
		Release.AspNetCompiler.Debug = "False"
		VWDPort = "41886"
		SlnRelativePath = "BJ_MultiTexture\"
		DefaultWebSiteLanguage = "Visual C#"
	EndProjectSection
EndProject
Global
	GlobalSection(SolutionConfigurationPlatforms) = preSolution
		Debug|Any CPU = Debug|Any CPU
	EndGlobalSection
	GlobalSection(ProjectConfigurationPlatforms) = postSolution
		{EAD2F621-18DF-48F1-89B2-A6D89DF533D5}.Debug|Any CPU.ActiveCfg = Debug|Any CPU
		{EAD2F621-18DF-48F1-89B2-A6D89DF533D5}.Debug|Any CPU.Build.0 = Debug|Any CPU
	EndGlobalSection
	GlobalSection(SolutionProperties) = preSolution
		HideSolutionNode = FALSE
	EndGlobalSection
	GlobalSection(ExtensibilityGlobals) = postSolution
		SolutionGuid = {41A49F07-5897-4209-86D5-BCF607948426}
	EndGlobalSection
EndGlobal
